hash: 074f1a3f257ab57b00a5b18bcce5bc0139ae76881e8487bbeae2dd2e647f38f7
updated: 2016-07-24T19:33:08.949767845+02:00
imports:
- name: github.com/golang/protobuf
  version: 874264fbbb43f4d91e999fecb4b40143ed611400
  subpackages:
  - proto
- name: golang.org/x/net
  version: 4d38db76854b199960801a1734443fd02870d7e1
  subpackages:
  - context
  - context/ctxhttp
- name: golang.org/x/oauth2
  version: 1364adb2c63445016c5ed4518fc71f6a3cda6169
  subpackages:
  - google
  - internal
  - jws
  - jwt
- name: google.golang.org/api
  version: 663fefdcec4e1ec9033ba302202321d3bff5fe6d
  subpackages:
  - compute/v1
  - gensupport
  - googleapi
  - googleapi/internal/uritemplates
- name: google.golang.org/appengine
  version: 267c27e7492265b84fc6719503b14a1e17975d79
  subpackages:
  - urlfetch
  - internal
  - internal/app_identity
  - internal/modules
  - internal/urlfetch
  - internal/base
  - internal/datastore
  - internal/log
  - internal/remote_api
- name: google.golang.org/cloud
  version: 4f1a5ca1c906ba5ff5ff9fba3bee49d526a8d03f
  subpackages:
  - compute/metadata
  - internal
testImports: []
