hash: cf1746233d4efa1b3c46f1bc74c35baa75933b204285b41fc0a0474fbf990226
updated: 2016-07-28T13:53:44.489538943+02:00
imports:
- name: github.com/golang/protobuf
  version: c3cefd437628a0b7d31b34fe44b3a7a540e98527
  subpackages:
  - proto
- name: golang.org/x/net
  version: 6a513affb38dc9788b449d59ffed099b8de18fa0
  subpackages:
  - context
  - context/ctxhttp
- name: golang.org/x/oauth2
  version: 1364adb2c63445016c5ed4518fc71f6a3cda6169
  subpackages:
  - google
  - internal
  - jws
  - jwt
- name: google.golang.org/api
  version: fa0566afd4c8fdae644725fdf9b57b5851a20742
  subpackages:
  - compute/v1
- name: google.golang.org/appengine
  version: 267c27e7492265b84fc6719503b14a1e17975d79
  subpackages:
  - urlfetch
  - internal
  - internal/urlfetch
  - internal/app_identity
  - internal/modules
  - internal/base
  - internal/datastore
  - internal/log
  - internal/remote_api
- name: google.golang.org/cloud
  version: 1da7ac3d5f2b6a48521b20a6ed80569f506b87ce
  subpackages:
  - compute/metadata
  - internal
- name: google.golang.org/grpc
  version: 13edeeffdea7a41d5aad96c28deb4c7bd01a9397
testImports: []
